// !$*UTF8*$!
{
	archiveVersion = 1;
	classes = {
	};
	objectVersion = 56;
	objects = {

/* Begin PBXBuildFile section */
		01CE3B20A18362873DE1E91B /* Preview Assets.xcassets in Resources */ = {isa = PBXBuildFile; fileRef = EED8607232F01F14F779A2D5 /* Preview Assets.xcassets */; };
		1FBD2FD91896F4A2DB7A595A /* Ysc.swift in Sources */ = {isa = PBXBuildFile; fileRef = CDF2D5AAF66CBECF751735DE /* Ysc.swift */; };
		20ABBC33CF9F360CC9253D21 /* DisconnectedView.swift in Sources */ = {isa = PBXBuildFile; fileRef = 342DBBEC5DC9FE788CDD543C /* DisconnectedView.swift */; };
		20D98ADEFCDA89AD7649E1CC /* LiveViewNativeLiveForm in Frameworks */ = {isa = PBXBuildFile; productRef = 46ED0A2EE996983139A5C1A8 /* LiveViewNativeLiveForm */; };
		46A1A34DC541CF9B39E0DD93 /* Info-Debug.plist in Resources */ = {isa = PBXBuildFile; fileRef = 0C2226E548AAD00C333B6A0A /* Info-Debug.plist */; };
		46D3C14DBA99427D142517C1 /* ErrorView.swift in Sources */ = {isa = PBXBuildFile; fileRef = B69A64FE836650C1AE24A420 /* ErrorView.swift */; };
		476C5E543BA7260A77CCA7A3 /* ReconnectingView.swift in Sources */ = {isa = PBXBuildFile; fileRef = 035FBEFE5A02CF1A8AAB0C8B /* ReconnectingView.swift */; };
		4D0DB66628C9A5759E6E2F2F /* Info-Release.plist in Resources */ = {isa = PBXBuildFile; fileRef = 48B13DC9332FB800361C5F2A /* Info-Release.plist */; };
		4D6EF8A993082F0586677F73 /* Assets.xcassets in Resources */ = {isa = PBXBuildFile; fileRef = 62F1876AA511BEBFD31DF200 /* Assets.xcassets */; };
		566A30B586A946B59F06679C /* LiveViewNativeLiveForm in Frameworks */ = {isa = PBXBuildFile; productRef = E5D4429998B2FA779E4D57B5 /* LiveViewNativeLiveForm */; };
		8840A3E78F3B9D36ABF36E70 /* DisconnectedView.swift in Sources */ = {isa = PBXBuildFile; fileRef = 342DBBEC5DC9FE788CDD543C /* DisconnectedView.swift */; };
		8AB56A1F137691A44B6B8F98 /* ContentView.swift in Sources */ = {isa = PBXBuildFile; fileRef = A982BAD78C9FF5265AC0C39C /* ContentView.swift */; };
		99ED2957A2F1F7828C0985EA /* ReconnectingView.swift in Sources */ = {isa = PBXBuildFile; fileRef = 035FBEFE5A02CF1A8AAB0C8B /* ReconnectingView.swift */; };
		A18F35A09CC7463EF8FC5A01 /* Assets.xcassets in Resources */ = {isa = PBXBuildFile; fileRef = 62F1876AA511BEBFD31DF200 /* Assets.xcassets */; };
		B5D65ECF14FEBD84F54B5568 /* ContentView.swift in Sources */ = {isa = PBXBuildFile; fileRef = A982BAD78C9FF5265AC0C39C /* ContentView.swift */; };
		C3D4E5F6A7B8C9D0E1F2A3B4 /* APIKeyManager.swift in Sources */ = {isa = PBXBuildFile; fileRef = A1B2C3D4E5F6A7B8C9D0E1F2A3 /* APIKeyManager.swift */; };
		C5F0B3011192C6BFC665BD6E /* LiveViewNative in Frameworks */ = {isa = PBXBuildFile; productRef = 6302762A33684BC9724C0D6A /* LiveViewNative */; };
		C8912B897FA688C87DAE2E45 /* ConnectingView.swift in Sources */ = {isa = PBXBuildFile; fileRef = 9D6C0A0EEDA86266213D20B9 /* ConnectingView.swift */; };
		CBB69406F70C8C962FD09F81 /* Info-Debug.plist in Resources */ = {isa = PBXBuildFile; fileRef = 0C2226E548AAD00C333B6A0A /* Info-Debug.plist */; };
		CC719F7041FB1F6173337D8C /* Info-Release.plist in Resources */ = {isa = PBXBuildFile; fileRef = 48B13DC9332FB800361C5F2A /* Info-Release.plist */; };
		D4E5F6A7B8C9D0E1F2A3B4C5 /* APIKeyInputView.swift in Sources */ = {isa = PBXBuildFile; fileRef = B2C3D4E5F6A7B8C9D0E1F2A3B4 /* APIKeyInputView.swift */; };
		D952E9CD2F14AD8400D68D62 /* PathTracker.swift in Sources */ = {isa = PBXBuildFile; fileRef = D952E9CC2F14AD8400D68D62 /* PathTracker.swift */; };
		D952E9CE2F14AD8400D68D62 /* PathTracker.swift in Sources */ = {isa = PBXBuildFile; fileRef = D952E9CC2F14AD8400D68D62 /* PathTracker.swift */; };
		D952E9D02F16BE9400D68D62 /* ReservationsTableView.swift in Sources */ = {isa = PBXBuildFile; fileRef = D952E9CF2F16BE9400D68D62 /* ReservationsTableView.swift */; };
		D952E9D12F16BE9500D68D62 /* ReservationsTableView.swift in Sources */ = {isa = PBXBuildFile; fileRef = D952E9CF2F16BE9400D68D62 /* ReservationsTableView.swift */; };
		D952E9D32F16CBC500D68D62 /* AnimatedCheckmark.swift in Sources */ = {isa = PBXBuildFile; fileRef = D952E9D22F16CBC500D68D62 /* AnimatedCheckmark.swift */; };
		D952E9D42F16CBC500D68D62 /* AnimatedCheckmark.swift in Sources */ = {isa = PBXBuildFile; fileRef = D952E9D22F16CBC500D68D62 /* AnimatedCheckmark.swift */; };
		D95F83A12F134ED4001199AB /* RoomCalendarView.swift in Sources */ = {isa = PBXBuildFile; fileRef = D95F83A02F134ED4001199AB /* RoomCalendarView.swift */; };
		D95F83A22F134ED4001199AB /* RoomCalendarView.swift in Sources */ = {isa = PBXBuildFile; fileRef = D95F83A02F134ED4001199AB /* RoomCalendarView.swift */; };
		D95F83A42F135D57001199AB /* CabinRulesView.swift in Sources */ = {isa = PBXBuildFile; fileRef = D95F83A32F135D57001199AB /* CabinRulesView.swift */; };
		D95F83A52F135D58001199AB /* CabinRulesView.swift in Sources */ = {isa = PBXBuildFile; fileRef = D95F83A32F135D57001199AB /* CabinRulesView.swift */; };
		D95F83A72F13710E001199AB /* InactivityTimer.swift in Sources */ = {isa = PBXBuildFile; fileRef = D95F83A62F13710E001199AB /* InactivityTimer.swift */; };
		D95F83A82F13710E001199AB /* InactivityTimer.swift in Sources */ = {isa = PBXBuildFile; fileRef = D95F83A62F13710E001199AB /* InactivityTimer.swift */; };
		D95F83AA2F13720C001199AB /* InactivityResetHandler.swift in Sources */ = {isa = PBXBuildFile; fileRef = D95F83A92F13720C001199AB /* InactivityResetHandler.swift */; };
		D95F83AB2F13720C001199AB /* InactivityResetHandler.swift in Sources */ = {isa = PBXBuildFile; fileRef = D95F83A92F13720C001199AB /* InactivityResetHandler.swift */; };
		D95F83AD2F14A1EB001199AB /* InactivityCountdownView.swift in Sources */ = {isa = PBXBuildFile; fileRef = D95F83AC2F14A1EB001199AB /* InactivityCountdownView.swift */; };
		D95F83AE2F14A1EB001199AB /* InactivityCountdownView.swift in Sources */ = {isa = PBXBuildFile; fileRef = D95F83AC2F14A1EB001199AB /* InactivityCountdownView.swift */; };
		E5F6A7B8C9D0E1F2A3B4C5D6 /* APIKeyManager.swift in Sources */ = {isa = PBXBuildFile; fileRef = A1B2C3D4E5F6A7B8C9D0E1F2A3 /* APIKeyManager.swift */; };
		EB41ADE65E8C9AE35F32ACB5 /* LiveViewNative in Frameworks */ = {isa = PBXBuildFile; productRef = FF90AB2D3FCD30AB7ACEE8F8 /* LiveViewNative */; };
		EFFBBB579E6791E224E7E9C8 /* Ysc.swift in Sources */ = {isa = PBXBuildFile; fileRef = CDF2D5AAF66CBECF751735DE /* Ysc.swift */; };
		F0BBF1444B45FC9ACD441D8D /* Preview Assets.xcassets in Resources */ = {isa = PBXBuildFile; fileRef = EED8607232F01F14F779A2D5 /* Preview Assets.xcassets */; };
		F6A7B8C9D0E1F2A3B4C5D6E7 /* APIKeyInputView.swift in Sources */ = {isa = PBXBuildFile; fileRef = B2C3D4E5F6A7B8C9D0E1F2A3B4 /* APIKeyInputView.swift */; };
		FAD9327345A098540F1A7951 /* ErrorView.swift in Sources */ = {isa = PBXBuildFile; fileRef = B69A64FE836650C1AE24A420 /* ErrorView.swift */; };
		FEA99EA236046BA0289BEA38 /* ConnectingView.swift in Sources */ = {isa = PBXBuildFile; fileRef = 9D6C0A0EEDA86266213D20B9 /* ConnectingView.swift */; };
/* End PBXBuildFile section */

/* Begin PBXFileReference section */
		035FBEFE5A02CF1A8AAB0C8B /* ReconnectingView.swift */ = {isa = PBXFileReference; lastKnownFileType = sourcecode.swift; path = ReconnectingView.swift; sourceTree = "<group>"; };
		0C2226E548AAD00C333B6A0A /* Info-Debug.plist */ = {isa = PBXFileReference; lastKnownFileType = text.plist; path = "Info-Debug.plist"; sourceTree = "<group>"; };
		342DBBEC5DC9FE788CDD543C /* DisconnectedView.swift */ = {isa = PBXFileReference; lastKnownFileType = sourcecode.swift; path = DisconnectedView.swift; sourceTree = "<group>"; };
		48B13DC9332FB800361C5F2A /* Info-Release.plist */ = {isa = PBXFileReference; lastKnownFileType = text.plist; path = "Info-Release.plist"; sourceTree = "<group>"; };
		62F1876AA511BEBFD31DF200 /* Assets.xcassets */ = {isa = PBXFileReference; lastKnownFileType = folder.assetcatalog; path = Assets.xcassets; sourceTree = "<group>"; };
		6ED705926E97C93A5D5FA5E3 /* Ysc Watch App.app */ = {isa = PBXFileReference; explicitFileType = wrapper.application; includeInIndex = 0; path = "Ysc Watch App.app"; sourceTree = BUILT_PRODUCTS_DIR; };
		9D6C0A0EEDA86266213D20B9 /* ConnectingView.swift */ = {isa = PBXFileReference; lastKnownFileType = sourcecode.swift; path = ConnectingView.swift; sourceTree = "<group>"; };
		A1B2C3D4E5F6A7B8C9D0E1F2A3 /* APIKeyManager.swift */ = {isa = PBXFileReference; lastKnownFileType = sourcecode.swift; path = APIKeyManager.swift; sourceTree = "<group>"; };
		A982BAD78C9FF5265AC0C39C /* ContentView.swift */ = {isa = PBXFileReference; lastKnownFileType = sourcecode.swift; path = ContentView.swift; sourceTree = "<group>"; };
		B2C3D4E5F6A7B8C9D0E1F2A3B4 /* APIKeyInputView.swift */ = {isa = PBXFileReference; lastKnownFileType = sourcecode.swift; path = APIKeyInputView.swift; sourceTree = "<group>"; };
		B430833E77AA5A4A1CF1240E /* Ysc.app */ = {isa = PBXFileReference; explicitFileType = wrapper.application; includeInIndex = 0; path = Ysc.app; sourceTree = BUILT_PRODUCTS_DIR; };
		B69A64FE836650C1AE24A420 /* ErrorView.swift */ = {isa = PBXFileReference; lastKnownFileType = sourcecode.swift; path = ErrorView.swift; sourceTree = "<group>"; };
		CDF2D5AAF66CBECF751735DE /* Ysc.swift */ = {isa = PBXFileReference; lastKnownFileType = sourcecode.swift; path = Ysc.swift; sourceTree = "<group>"; };
		D952E9CC2F14AD8400D68D62 /* PathTracker.swift */ = {isa = PBXFileReference; lastKnownFileType = sourcecode.swift; path = PathTracker.swift; sourceTree = "<group>"; };
		D952E9CF2F16BE9400D68D62 /* ReservationsTableView.swift */ = {isa = PBXFileReference; lastKnownFileType = sourcecode.swift; path = ReservationsTableView.swift; sourceTree = "<group>"; };
		D952E9D22F16CBC500D68D62 /* AnimatedCheckmark.swift */ = {isa = PBXFileReference; lastKnownFileType = sourcecode.swift; path = AnimatedCheckmark.swift; sourceTree = "<group>"; };
		D95F83A02F134ED4001199AB /* RoomCalendarView.swift */ = {isa = PBXFileReference; lastKnownFileType = sourcecode.swift; path = RoomCalendarView.swift; sourceTree = "<group>"; };
		D95F83A32F135D57001199AB /* CabinRulesView.swift */ = {isa = PBXFileReference; lastKnownFileType = sourcecode.swift; path = CabinRulesView.swift; sourceTree = "<group>"; };
		D95F83A62F13710E001199AB /* InactivityTimer.swift */ = {isa = PBXFileReference; lastKnownFileType = sourcecode.swift; path = InactivityTimer.swift; sourceTree = "<group>"; };
		D95F83A92F13720C001199AB /* InactivityResetHandler.swift */ = {isa = PBXFileReference; lastKnownFileType = sourcecode.swift; path = InactivityResetHandler.swift; sourceTree = "<group>"; };
		D95F83AC2F14A1EB001199AB /* InactivityCountdownView.swift */ = {isa = PBXFileReference; lastKnownFileType = sourcecode.swift; path = InactivityCountdownView.swift; sourceTree = "<group>"; };
		EED8607232F01F14F779A2D5 /* Preview Assets.xcassets */ = {isa = PBXFileReference; lastKnownFileType = folder.assetcatalog; path = "Preview Assets.xcassets"; sourceTree = "<group>"; };
/* End PBXFileReference section */

/* Begin PBXFrameworksBuildPhase section */
		5E47B52B44A5EF236E464DB6 /* Frameworks */ = {
			isa = PBXFrameworksBuildPhase;
			buildActionMask = 2147483647;
			files = (
				C5F0B3011192C6BFC665BD6E /* LiveViewNative in Frameworks */,
				20D98ADEFCDA89AD7649E1CC /* LiveViewNativeLiveForm in Frameworks */,
			);
			runOnlyForDeploymentPostprocessing = 0;
		};
		EA6EBDA98BD459E3422C3DE5 /* Frameworks */ = {
			isa = PBXFrameworksBuildPhase;
			buildActionMask = 2147483647;
			files = (
				EB41ADE65E8C9AE35F32ACB5 /* LiveViewNative in Frameworks */,
				566A30B586A946B59F06679C /* LiveViewNativeLiveForm in Frameworks */,
			);
			runOnlyForDeploymentPostprocessing = 0;
		};
/* End PBXFrameworksBuildPhase section */

/* Begin PBXGroup section */
		7BFD2952EEE5B17C62749F4F = {
			isa = PBXGroup;
			children = (
				B0E406537C85C6F345BF4979 /* Ysc */,
				9F529640C2DBB680ED7785D9 /* Products */,
			);
			sourceTree = "<group>";
		};
		9F529640C2DBB680ED7785D9 /* Products */ = {
			isa = PBXGroup;
			children = (
				6ED705926E97C93A5D5FA5E3 /* Ysc Watch App.app */,
				B430833E77AA5A4A1CF1240E /* Ysc.app */,
			);
			name = Products;
			sourceTree = "<group>";
		};
		B0E406537C85C6F345BF4979 /* Ysc */ = {
			isa = PBXGroup;
			children = (
				D952E9D22F16CBC500D68D62 /* AnimatedCheckmark.swift */,
				D952E9CF2F16BE9400D68D62 /* ReservationsTableView.swift */,
				D952E9CC2F14AD8400D68D62 /* PathTracker.swift */,
				D95F83AC2F14A1EB001199AB /* InactivityCountdownView.swift */,
				D95F83A92F13720C001199AB /* InactivityResetHandler.swift */,
				D95F83A62F13710E001199AB /* InactivityTimer.swift */,
				D95F83A32F135D57001199AB /* CabinRulesView.swift */,
				D1201F7D33DE27DC218A6258 /* Preview Content */,
				62F1876AA511BEBFD31DF200 /* Assets.xcassets */,
				A1B2C3D4E5F6A7B8C9D0E1F2A3 /* APIKeyManager.swift */,
				B2C3D4E5F6A7B8C9D0E1F2A3B4 /* APIKeyInputView.swift */,
				9D6C0A0EEDA86266213D20B9 /* ConnectingView.swift */,
				A982BAD78C9FF5265AC0C39C /* ContentView.swift */,
				342DBBEC5DC9FE788CDD543C /* DisconnectedView.swift */,
				B69A64FE836650C1AE24A420 /* ErrorView.swift */,
				0C2226E548AAD00C333B6A0A /* Info-Debug.plist */,
				48B13DC9332FB800361C5F2A /* Info-Release.plist */,
				035FBEFE5A02CF1A8AAB0C8B /* ReconnectingView.swift */,
				CDF2D5AAF66CBECF751735DE /* Ysc.swift */,
				D95F83A02F134ED4001199AB /* RoomCalendarView.swift */,
			);
			path = Ysc;
			sourceTree = "<group>";
		};
		D1201F7D33DE27DC218A6258 /* Preview Content */ = {
			isa = PBXGroup;
			children = (
				EED8607232F01F14F779A2D5 /* Preview Assets.xcassets */,
			);
			path = "Preview Content";
			sourceTree = "<group>";
		};
/* End PBXGroup section */

/* Begin PBXNativeTarget section */
		D142D861D1DD31A235433270 /* Ysc Watch App */ = {
			isa = PBXNativeTarget;
			buildConfigurationList = E8CA32D83050F914D96E5866 /* Build configuration list for PBXNativeTarget "Ysc Watch App" */;
			buildPhases = (
				F8AC31C2F94BE9FD2B1AFE00 /* Sources */,
				F3C9680E965C72CDFE3ED918 /* Resources */,
				5E47B52B44A5EF236E464DB6 /* Frameworks */,
			);
			buildRules = (
			);
			dependencies = (
			);
			name = "Ysc Watch App";
			packageProductDependencies = (
				6302762A33684BC9724C0D6A /* LiveViewNative */,
				46ED0A2EE996983139A5C1A8 /* LiveViewNativeLiveForm */,
			);
			productName = "Ysc Watch App";
			productReference = 6ED705926E97C93A5D5FA5E3 /* Ysc Watch App.app */;
			productType = "com.apple.product-type.application";
		};
		EDE50F5A765965EFE628EEF1 /* Ysc */ = {
			isa = PBXNativeTarget;
			buildConfigurationList = 969BC63DC72EBF5B82FCED34 /* Build configuration list for PBXNativeTarget "Ysc" */;
			buildPhases = (
				A4576F6966BE452FE98A11DB /* Sources */,
				9B02D124B0F7D91138F41064 /* Resources */,
				EA6EBDA98BD459E3422C3DE5 /* Frameworks */,
			);
			buildRules = (
			);
			dependencies = (
			);
			name = Ysc;
			packageProductDependencies = (
				FF90AB2D3FCD30AB7ACEE8F8 /* LiveViewNative */,
				E5D4429998B2FA779E4D57B5 /* LiveViewNativeLiveForm */,
			);
			productName = Ysc;
			productReference = B430833E77AA5A4A1CF1240E /* Ysc.app */;
			productType = "com.apple.product-type.application";
		};
/* End PBXNativeTarget section */

/* Begin PBXProject section */
		854F281F75E9FA28B92FE596 /* Project object */ = {
			isa = PBXProject;
			attributes = {
				BuildIndependentTargetsInParallel = YES;
				LastUpgradeCheck = 1430;
			};
			buildConfigurationList = 302433BA0039866DDBA5B3F4 /* Build configuration list for PBXProject "Ysc" */;
			compatibilityVersion = "Xcode 14.0";
			developmentRegion = en;
			hasScannedForEncodings = 0;
			knownRegions = (
				Base,
				en,
			);
			mainGroup = 7BFD2952EEE5B17C62749F4F;
			packageReferences = (
				4FBD738FC351AC5FF6DF7E3B /* XCRemoteSwiftPackageReference "liveview-client-swiftui" */,
				AA4D3D7BB6A0D733CE24E35E /* XCRemoteSwiftPackageReference "liveview-native-live-form" */,
			);
			projectDirPath = "";
			projectRoot = "";
			targets = (
				EDE50F5A765965EFE628EEF1 /* Ysc */,
				D142D861D1DD31A235433270 /* Ysc Watch App */,
			);
		};
/* End PBXProject section */

/* Begin PBXResourcesBuildPhase section */
		9B02D124B0F7D91138F41064 /* Resources */ = {
			isa = PBXResourcesBuildPhase;
			buildActionMask = 2147483647;
			files = (
				4D6EF8A993082F0586677F73 /* Assets.xcassets in Resources */,
				CBB69406F70C8C962FD09F81 /* Info-Debug.plist in Resources */,
				4D0DB66628C9A5759E6E2F2F /* Info-Release.plist in Resources */,
				01CE3B20A18362873DE1E91B /* Preview Assets.xcassets in Resources */,
			);
			runOnlyForDeploymentPostprocessing = 0;
		};
		F3C9680E965C72CDFE3ED918 /* Resources */ = {
			isa = PBXResourcesBuildPhase;
			buildActionMask = 2147483647;
			files = (
				A18F35A09CC7463EF8FC5A01 /* Assets.xcassets in Resources */,
				46A1A34DC541CF9B39E0DD93 /* Info-Debug.plist in Resources */,
				CC719F7041FB1F6173337D8C /* Info-Release.plist in Resources */,
				F0BBF1444B45FC9ACD441D8D /* Preview Assets.xcassets in Resources */,
			);
			runOnlyForDeploymentPostprocessing = 0;
		};
/* End PBXResourcesBuildPhase section */

/* Begin PBXSourcesBuildPhase section */
		A4576F6966BE452FE98A11DB /* Sources */ = {
			isa = PBXSourcesBuildPhase;
			buildActionMask = 2147483647;
			files = (
				D95F83AB2F13720C001199AB /* InactivityResetHandler.swift in Sources */,
				C3D4E5F6A7B8C9D0E1F2A3B4 /* APIKeyManager.swift in Sources */,
				D4E5F6A7B8C9D0E1F2A3B4C5 /* APIKeyInputView.swift in Sources */,
				D952E9D12F16BE9500D68D62 /* ReservationsTableView.swift in Sources */,
				D952E9CD2F14AD8400D68D62 /* PathTracker.swift in Sources */,
				C8912B897FA688C87DAE2E45 /* ConnectingView.swift in Sources */,
				D95F83A82F13710E001199AB /* InactivityTimer.swift in Sources */,
				D95F83AD2F14A1EB001199AB /* InactivityCountdownView.swift in Sources */,
				8AB56A1F137691A44B6B8F98 /* ContentView.swift in Sources */,
				8840A3E78F3B9D36ABF36E70 /* DisconnectedView.swift in Sources */,
				46D3C14DBA99427D142517C1 /* ErrorView.swift in Sources */,
				99ED2957A2F1F7828C0985EA /* ReconnectingView.swift in Sources */,
				D95F83A12F134ED4001199AB /* RoomCalendarView.swift in Sources */,
				D95F83A42F135D57001199AB /* CabinRulesView.swift in Sources */,
				D952E9D32F16CBC500D68D62 /* AnimatedCheckmark.swift in Sources */,
				1FBD2FD91896F4A2DB7A595A /* Ysc.swift in Sources */,
			);
			runOnlyForDeploymentPostprocessing = 0;
		};
		F8AC31C2F94BE9FD2B1AFE00 /* Sources */ = {
			isa = PBXSourcesBuildPhase;
			buildActionMask = 2147483647;
			files = (
				D95F83AA2F13720C001199AB /* InactivityResetHandler.swift in Sources */,
				E5F6A7B8C9D0E1F2A3B4C5D6 /* APIKeyManager.swift in Sources */,
				F6A7B8C9D0E1F2A3B4C5D6E7 /* APIKeyInputView.swift in Sources */,
				D952E9D02F16BE9400D68D62 /* ReservationsTableView.swift in Sources */,
				D952E9CE2F14AD8400D68D62 /* PathTracker.swift in Sources */,
				FEA99EA236046BA0289BEA38 /* ConnectingView.swift in Sources */,
				D95F83A72F13710E001199AB /* InactivityTimer.swift in Sources */,
				D95F83AE2F14A1EB001199AB /* InactivityCountdownView.swift in Sources */,
				B5D65ECF14FEBD84F54B5568 /* ContentView.swift in Sources */,
				20ABBC33CF9F360CC9253D21 /* DisconnectedView.swift in Sources */,
				FAD9327345A098540F1A7951 /* ErrorView.swift in Sources */,
				476C5E543BA7260A77CCA7A3 /* ReconnectingView.swift in Sources */,
				D95F83A22F134ED4001199AB /* RoomCalendarView.swift in Sources */,
				D95F83A52F135D58001199AB /* CabinRulesView.swift in Sources */,
				D952E9D42F16CBC500D68D62 /* AnimatedCheckmark.swift in Sources */,
				EFFBBB579E6791E224E7E9C8 /* Ysc.swift in Sources */,
			);
			runOnlyForDeploymentPostprocessing = 0;
		};
/* End PBXSourcesBuildPhase section */

/* Begin XCBuildConfiguration section */
		017ACAF2D7B894A9AAF7195F /* Debug */ = {
			isa = XCBuildConfiguration;
			buildSettings = {
				ASSETCATALOG_COMPILER_APPICON_NAME = AppIcon;
				PRODUCT_BUNDLE_IDENTIFIER = com.example.Ysc.watchkit;
				SDKROOT = watchos;
				SKIP_INSTALL = YES;
				TARGETED_DEVICE_FAMILY = 4;
			};
			name = Debug;
		};
		359CB22A7F13DFAD778C52C9 /* Release */ = {
			isa = XCBuildConfiguration;
			buildSettings = {
				ALWAYS_SEARCH_USER_PATHS = NO;
				ASSETCATALOG_COMPILER_GENERATE_SWIFT_ASSET_SYMBOL_EXTENSIONS = YES;
				CLANG_ANALYZER_NONNULL = YES;
				CLANG_ANALYZER_NUMBER_OBJECT_CONVERSION = YES_AGGRESSIVE;
				CLANG_CXX_LANGUAGE_STANDARD = "gnu++14";
				CLANG_CXX_LIBRARY = "libc++";
				CLANG_ENABLE_MODULES = YES;
				CLANG_ENABLE_OBJC_ARC = YES;
				CLANG_ENABLE_OBJC_WEAK = YES;
				CLANG_WARN_BLOCK_CAPTURE_AUTORELEASING = YES;
				CLANG_WARN_BOOL_CONVERSION = YES;
				CLANG_WARN_COMMA = YES;
				CLANG_WARN_CONSTANT_CONVERSION = YES;
				CLANG_WARN_DEPRECATED_OBJC_IMPLEMENTATIONS = YES;
				CLANG_WARN_DIRECT_OBJC_ISA_USAGE = YES_ERROR;
				CLANG_WARN_DOCUMENTATION_COMMENTS = YES;
				CLANG_WARN_EMPTY_BODY = YES;
				CLANG_WARN_ENUM_CONVERSION = YES;
				CLANG_WARN_INFINITE_RECURSION = YES;
				CLANG_WARN_INT_CONVERSION = YES;
				CLANG_WARN_NON_LITERAL_NULL_CONVERSION = YES;
				CLANG_WARN_OBJC_IMPLICIT_RETAIN_SELF = YES;
				CLANG_WARN_OBJC_LITERAL_CONVERSION = YES;
				CLANG_WARN_OBJC_ROOT_CLASS = YES_ERROR;
				CLANG_WARN_QUOTED_INCLUDE_IN_FRAMEWORK_HEADER = YES;
				CLANG_WARN_RANGE_LOOP_ANALYSIS = YES;
				CLANG_WARN_STRICT_PROTOTYPES = YES;
				CLANG_WARN_SUSPICIOUS_MOVE = YES;
				CLANG_WARN_UNGUARDED_AVAILABILITY = YES_AGGRESSIVE;
				CLANG_WARN_UNREACHABLE_CODE = YES;
				CLANG_WARN__DUPLICATE_METHOD_MATCH = YES;
				COPY_PHASE_STRIP = NO;
				CURRENT_PROJECT_VERSION = 1.0;
				DEAD_CODE_STRIPPING = YES;
				DEBUG_INFORMATION_FORMAT = "dwarf-with-dsym";
				ENABLE_NS_ASSERTIONS = NO;
				ENABLE_STRICT_OBJC_MSGSEND = YES;
				ENABLE_USER_SCRIPT_SANDBOXING = YES;
				GCC_C_LANGUAGE_STANDARD = gnu11;
				GCC_NO_COMMON_BLOCKS = YES;
				GCC_WARN_64_TO_32_BIT_CONVERSION = YES;
				GCC_WARN_ABOUT_RETURN_TYPE = YES_ERROR;
				GCC_WARN_UNDECLARED_SELECTOR = YES;
				GCC_WARN_UNINITIALIZED_AUTOS = YES_AGGRESSIVE;
				GCC_WARN_UNUSED_FUNCTION = YES;
				GCC_WARN_UNUSED_VARIABLE = YES;
				GENERATE_INFOPLIST_FILE = YES;
				INFOPLIST_KEY_CFBundleDisplayName = Ysc;
				INFOPLIST_KEY_UILaunchScreen_Generation = YES;
				INFOPLIST_KEY_UISupportedInterfaceOrientations = "UIInterfaceOrientationPortrait UIInterfaceOrientationPortraitUpsideDown UIInterfaceOrientationLandscapeLeft UIInterfaceOrientationLandscapeRight";
				INFOPLIST_KEY_UISupportedInterfaceOrientations_iPad = "UIInterfaceOrientationPortrait UIInterfaceOrientationPortraitUpsideDown UIInterfaceOrientationLandscapeLeft UIInterfaceOrientationLandscapeRight";
				INFOPLIST_KEY_WKCompanionAppBundleIdentifier = com.example.Ysc;
				INFOPLIST_KEY_WKRunsIndependentlyOfCompanionApp = YES;
				IPHONEOS_DEPLOYMENT_TARGET = 16.0;
				MACOSX_DEPLOYMENT_TARGET = 13.0;
				MARKETING_VERSION = 1.0;
				MTL_ENABLE_DEBUG_INFO = NO;
				MTL_FAST_MATH = YES;
				PRODUCT_NAME = "$(TARGET_NAME)";
				SWIFT_COMPILATION_MODE = wholemodule;
				SWIFT_OPTIMIZATION_LEVEL = "-O";
				SWIFT_VERSION = 5.0;
				TVOS_DEPLOYMENT_TARGET = 16.0;
				WATCHOS_DEPLOYMENT_TARGET = 9.0;
			};
			name = Release;
		};
		6295E78051B783E53503559C /* Debug */ = {
			isa = XCBuildConfiguration;
			buildSettings = {
				ASSETCATALOG_COMPILER_APPICON_NAME = AppIcon;
				CODE_SIGN_IDENTITY = "iPhone Developer";
				DEVELOPMENT_TEAM = FAN7NBS7AB;
				INFOPLIST_KEY_CFBundleDisplayName = Ysc;
				INFOPLIST_KEY_UILaunchScreen_Generation = YES;
				INFOPLIST_KEY_UISupportedInterfaceOrientations = "UIInterfaceOrientationPortrait UIInterfaceOrientationPortraitUpsideDown UIInterfaceOrientationLandscapeLeft UIInterfaceOrientationLandscapeRight";
				INFOPLIST_KEY_UISupportedInterfaceOrientations_iPad = "UIInterfaceOrientationPortrait UIInterfaceOrientationPortraitUpsideDown UIInterfaceOrientationLandscapeLeft UIInterfaceOrientationLandscapeRight";
				INFOPLIST_KEY_WKCompanionAppBundleIdentifier = com.example.Ysc;
				INFOPLIST_KEY_WKRunsIndependentlyOfCompanionApp = YES;
				LD_RUNPATH_SEARCH_PATHS = (
					"$(inherited)",
					"@executable_path/Frameworks",
				);
				PRODUCT_BUNDLE_IDENTIFIER = org.ysc.propertycheckin;
				SDKROOT = auto;
				SUPPORTED_PLATFORMS = "iphoneos iphonesimulator appletvos appletvsimulator macosx";
				SUPPORTS_MACCATALYST = NO;
				SUPPORTS_MAC_DESIGNED_FOR_IPHONE_IPAD = NO;
				SUPPORTS_XR_DESIGNED_FOR_IPHONE_IPAD = YES;
				TARGETED_DEVICE_FAMILY = "1,2,3";
			};
			name = Debug;
		};
		6F4845366CE419E5789F0C96 /* Debug */ = {
			isa = XCBuildConfiguration;
			buildSettings = {
				ALWAYS_SEARCH_USER_PATHS = NO;
				ASSETCATALOG_COMPILER_GENERATE_SWIFT_ASSET_SYMBOL_EXTENSIONS = YES;
				CLANG_ANALYZER_NONNULL = YES;
				CLANG_ANALYZER_NUMBER_OBJECT_CONVERSION = YES_AGGRESSIVE;
				CLANG_CXX_LANGUAGE_STANDARD = "gnu++14";
				CLANG_CXX_LIBRARY = "libc++";
				CLANG_ENABLE_MODULES = YES;
				CLANG_ENABLE_OBJC_ARC = YES;
				CLANG_ENABLE_OBJC_WEAK = YES;
				CLANG_WARN_BLOCK_CAPTURE_AUTORELEASING = YES;
				CLANG_WARN_BOOL_CONVERSION = YES;
				CLANG_WARN_COMMA = YES;
				CLANG_WARN_CONSTANT_CONVERSION = YES;
				CLANG_WARN_DEPRECATED_OBJC_IMPLEMENTATIONS = YES;
				CLANG_WARN_DIRECT_OBJC_ISA_USAGE = YES_ERROR;
				CLANG_WARN_DOCUMENTATION_COMMENTS = YES;
				CLANG_WARN_EMPTY_BODY = YES;
				CLANG_WARN_ENUM_CONVERSION = YES;
				CLANG_WARN_INFINITE_RECURSION = YES;
				CLANG_WARN_INT_CONVERSION = YES;
				CLANG_WARN_NON_LITERAL_NULL_CONVERSION = YES;
				CLANG_WARN_OBJC_IMPLICIT_RETAIN_SELF = YES;
				CLANG_WARN_OBJC_LITERAL_CONVERSION = YES;
				CLANG_WARN_OBJC_ROOT_CLASS = YES_ERROR;
				CLANG_WARN_QUOTED_INCLUDE_IN_FRAMEWORK_HEADER = YES;
				CLANG_WARN_RANGE_LOOP_ANALYSIS = YES;
				CLANG_WARN_STRICT_PROTOTYPES = YES;
				CLANG_WARN_SUSPICIOUS_MOVE = YES;
				CLANG_WARN_UNGUARDED_AVAILABILITY = YES_AGGRESSIVE;
				CLANG_WARN_UNREACHABLE_CODE = YES;
				CLANG_WARN__DUPLICATE_METHOD_MATCH = YES;
				COPY_PHASE_STRIP = NO;
				CURRENT_PROJECT_VERSION = 1.0;
				DEAD_CODE_STRIPPING = YES;
				DEBUG_INFORMATION_FORMAT = dwarf;
				ENABLE_STRICT_OBJC_MSGSEND = YES;
				ENABLE_TESTABILITY = YES;
				ENABLE_USER_SCRIPT_SANDBOXING = YES;
				GCC_C_LANGUAGE_STANDARD = gnu11;
				GCC_DYNAMIC_NO_PIC = NO;
				GCC_NO_COMMON_BLOCKS = YES;
				GCC_OPTIMIZATION_LEVEL = 0;
				GCC_PREPROCESSOR_DEFINITIONS = (
					"$(inherited)",
					"DEBUG=1",
				);
				GCC_WARN_64_TO_32_BIT_CONVERSION = YES;
				GCC_WARN_ABOUT_RETURN_TYPE = YES_ERROR;
				GCC_WARN_UNDECLARED_SELECTOR = YES;
				GCC_WARN_UNINITIALIZED_AUTOS = YES_AGGRESSIVE;
				GCC_WARN_UNUSED_FUNCTION = YES;
				GCC_WARN_UNUSED_VARIABLE = YES;
				GENERATE_INFOPLIST_FILE = YES;
				INFOPLIST_KEY_CFBundleDisplayName = Ysc;
				INFOPLIST_KEY_UILaunchScreen_Generation = YES;
				INFOPLIST_KEY_UISupportedInterfaceOrientations = "UIInterfaceOrientationPortrait UIInterfaceOrientationPortraitUpsideDown UIInterfaceOrientationLandscapeLeft UIInterfaceOrientationLandscapeRight";
				INFOPLIST_KEY_UISupportedInterfaceOrientations_iPad = "UIInterfaceOrientationPortrait UIInterfaceOrientationPortraitUpsideDown UIInterfaceOrientationLandscapeLeft UIInterfaceOrientationLandscapeRight";
				INFOPLIST_KEY_WKCompanionAppBundleIdentifier = com.example.Ysc;
				INFOPLIST_KEY_WKRunsIndependentlyOfCompanionApp = YES;
				IPHONEOS_DEPLOYMENT_TARGET = 16.0;
				MACOSX_DEPLOYMENT_TARGET = 13.0;
				MARKETING_VERSION = 1.0;
				MTL_ENABLE_DEBUG_INFO = INCLUDE_SOURCE;
				MTL_FAST_MATH = YES;
				ONLY_ACTIVE_ARCH = YES;
				PRODUCT_NAME = "$(TARGET_NAME)";
				SWIFT_ACTIVE_COMPILATION_CONDITIONS = DEBUG;
				SWIFT_OPTIMIZATION_LEVEL = "-Onone";
				SWIFT_VERSION = 5.0;
				TVOS_DEPLOYMENT_TARGET = 16.0;
				WATCHOS_DEPLOYMENT_TARGET = 9.0;
			};
			name = Debug;
		};
		7550435FAEC30F48C524F96A /* Release */ = {
			isa = XCBuildConfiguration;
			buildSettings = {
				ASSETCATALOG_COMPILER_APPICON_NAME = AppIcon;
				PRODUCT_BUNDLE_IDENTIFIER = com.example.Ysc.watchkit;
				SDKROOT = watchos;
				SKIP_INSTALL = YES;
				TARGETED_DEVICE_FAMILY = 4;
			};
			name = Release;
		};
		E75247B2D54D6650D7A80CEA /* Release */ = {
			isa = XCBuildConfiguration;
			buildSettings = {
				ASSETCATALOG_COMPILER_APPICON_NAME = AppIcon;
				CODE_SIGN_IDENTITY = "iPhone Developer";
				DEVELOPMENT_TEAM = FAN7NBS7AB;
				INFOPLIST_KEY_CFBundleDisplayName = Ysc;
				INFOPLIST_KEY_UILaunchScreen_Generation = YES;
				INFOPLIST_KEY_UISupportedInterfaceOrientations = "UIInterfaceOrientationPortrait UIInterfaceOrientationPortraitUpsideDown UIInterfaceOrientationLandscapeLeft UIInterfaceOrientationLandscapeRight";
				INFOPLIST_KEY_UISupportedInterfaceOrientations_iPad = "UIInterfaceOrientationPortrait UIInterfaceOrientationPortraitUpsideDown UIInterfaceOrientationLandscapeLeft UIInterfaceOrientationLandscapeRight";
				INFOPLIST_KEY_WKCompanionAppBundleIdentifier = com.example.Ysc;
				INFOPLIST_KEY_WKRunsIndependentlyOfCompanionApp = YES;
				LD_RUNPATH_SEARCH_PATHS = (
					"$(inherited)",
					"@executable_path/Frameworks",
				);
				PRODUCT_BUNDLE_IDENTIFIER = org.ysc.propertycheckin;
				SDKROOT = auto;
				SUPPORTED_PLATFORMS = "iphoneos iphonesimulator appletvos appletvsimulator macosx";
				SUPPORTS_MACCATALYST = NO;
				SUPPORTS_MAC_DESIGNED_FOR_IPHONE_IPAD = NO;
				SUPPORTS_XR_DESIGNED_FOR_IPHONE_IPAD = YES;
				TARGETED_DEVICE_FAMILY = "1,2,3";
			};
			name = Release;
		};
/* End XCBuildConfiguration section */

/* Begin XCConfigurationList section */
		302433BA0039866DDBA5B3F4 /* Build configuration list for PBXProject "Ysc" */ = {
			isa = XCConfigurationList;
			buildConfigurations = (
				6F4845366CE419E5789F0C96 /* Debug */,
				359CB22A7F13DFAD778C52C9 /* Release */,
			);
			defaultConfigurationIsVisible = 0;
			defaultConfigurationName = Debug;
		};
		969BC63DC72EBF5B82FCED34 /* Build configuration list for PBXNativeTarget "Ysc" */ = {
			isa = XCConfigurationList;
			buildConfigurations = (
				6295E78051B783E53503559C /* Debug */,
				E75247B2D54D6650D7A80CEA /* Release */,
			);
			defaultConfigurationIsVisible = 0;
			defaultConfigurationName = Debug;
		};
		E8CA32D83050F914D96E5866 /* Build configuration list for PBXNativeTarget "Ysc Watch App" */ = {
			isa = XCConfigurationList;
			buildConfigurations = (
				017ACAF2D7B894A9AAF7195F /* Debug */,
				7550435FAEC30F48C524F96A /* Release */,
			);
			defaultConfigurationIsVisible = 0;
			defaultConfigurationName = Debug;
		};
/* End XCConfigurationList section */

/* Begin XCRemoteSwiftPackageReference section */
		4FBD738FC351AC5FF6DF7E3B /* XCRemoteSwiftPackageReference "liveview-client-swiftui" */ = {
			isa = XCRemoteSwiftPackageReference;
			repositoryURL = "https://github.com/liveview-native/liveview-client-swiftui";
			requirement = {
				kind = upToNextMajorVersion;
				minimumVersion = 0.3.1;
			};
		};
		AA4D3D7BB6A0D733CE24E35E /* XCRemoteSwiftPackageReference "liveview-native-live-form" */ = {
			isa = XCRemoteSwiftPackageReference;
			repositoryURL = "https://github.com/liveview-native/liveview-native-live-form";
			requirement = {
				kind = upToNextMajorVersion;
				minimumVersion = 0.3.1;
			};
		};
/* End XCRemoteSwiftPackageReference section */

/* Begin XCSwiftPackageProductDependency section */
		46ED0A2EE996983139A5C1A8 /* LiveViewNativeLiveForm */ = {
			isa = XCSwiftPackageProductDependency;
			package = AA4D3D7BB6A0D733CE24E35E /* XCRemoteSwiftPackageReference "liveview-native-live-form" */;
			productName = LiveViewNativeLiveForm;
		};
		6302762A33684BC9724C0D6A /* LiveViewNative */ = {
			isa = XCSwiftPackageProductDependency;
			package = 4FBD738FC351AC5FF6DF7E3B /* XCRemoteSwiftPackageReference "liveview-client-swiftui" */;
			productName = LiveViewNative;
		};
		E5D4429998B2FA779E4D57B5 /* LiveViewNativeLiveForm */ = {
			isa = XCSwiftPackageProductDependency;
			package = AA4D3D7BB6A0D733CE24E35E /* XCRemoteSwiftPackageReference "liveview-native-live-form" */;
			productName = LiveViewNativeLiveForm;
		};
		FF90AB2D3FCD30AB7ACEE8F8 /* LiveViewNative */ = {
			isa = XCSwiftPackageProductDependency;
			package = 4FBD738FC351AC5FF6DF7E3B /* XCRemoteSwiftPackageReference "liveview-client-swiftui" */;
			productName = LiveViewNative;
		};
/* End XCSwiftPackageProductDependency section */
	};
	rootObject = 854F281F75E9FA28B92FE596 /* Project object */;
}
